
Microsoft Visual Studio Solution File, Format Version 12.00
# Visual Studio 15
VisualStudioVersion = 15.0.26730.16
MinimumVisualStudioVersion = 10.0.40219.1
Project("{FAE04EC0-301F-11D3-BF4B-00C04F79EFBC}") = "TimeLifeServer", "TimeLifeServer\TimeLifeServer.csproj", "{1B3B8C7C-1FE5-41E9-A823-62EC5F81004E}"
	ProjectSection(ProjectDependencies) = postProject
		{82F60727-FA77-4904-A10A-B5E9DB85D012} = {82F60727-FA77-4904-A10A-B5E9DB85D012}
	EndProjectSection
EndProject
Project("{FAE04EC0-301F-11D3-BF4B-00C04F79EFBC}") = "TimeLifeLibrary", "TimeLifeLibrary\TimeLifeLibrary.csproj", "{82F60727-FA77-4904-A10A-B5E9DB85D012}"
EndProject
Project("{FAE04EC0-301F-11D3-BF4B-00C04F79EFBC}") = "TimeLifeClient", "TimeLifeClient\TimeLifeClient.csproj", "{CF25735C-A1D2-4804-AE52-4B15D46E04A9}"
EndProject
Global
	GlobalSection(SolutionConfigurationPlatforms) = preSolution
		Debug|Any CPU = Debug|Any CPU
		Release|Any CPU = Release|Any CPU
	EndGlobalSection
	GlobalSection(ProjectConfigurationPlatforms) = postSolution
		{1B3B8C7C-1FE5-41E9-A823-62EC5F81004E}.Debug|Any CPU.ActiveCfg = Debug|Any CPU
		{1B3B8C7C-1FE5-41E9-A823-62EC5F81004E}.Debug|Any CPU.Build.0 = Debug|Any CPU
		{1B3B8C7C-1FE5-41E9-A823-62EC5F81004E}.Release|Any CPU.ActiveCfg = Release|Any CPU
		{1B3B8C7C-1FE5-41E9-A823-62EC5F81004E}.Release|Any CPU.Build.0 = Release|Any CPU
		{82F60727-FA77-4904-A10A-B5E9DB85D012}.Debug|Any CPU.ActiveCfg = Debug|Any CPU
		{82F60727-FA77-4904-A10A-B5E9DB85D012}.Debug|Any CPU.Build.0 = Debug|Any CPU
		{82F60727-FA77-4904-A10A-B5E9DB85D012}.Release|Any CPU.ActiveCfg = Release|Any CPU
		{82F60727-FA77-4904-A10A-B5E9DB85D012}.Release|Any CPU.Build.0 = Release|Any CPU
		{CF25735C-A1D2-4804-AE52-4B15D46E04A9}.Debug|Any CPU.ActiveCfg = Debug|Any CPU
		{CF25735C-A1D2-4804-AE52-4B15D46E04A9}.Debug|Any CPU.Build.0 = Debug|Any CPU
		{CF25735C-A1D2-4804-AE52-4B15D46E04A9}.Release|Any CPU.ActiveCfg = Release|Any CPU
		{CF25735C-A1D2-4804-AE52-4B15D46E04A9}.Release|Any CPU.Build.0 = Release|Any CPU
	EndGlobalSection
	GlobalSection(SolutionProperties) = preSolution
		HideSolutionNode = FALSE
	EndGlobalSection
	GlobalSection(ExtensibilityGlobals) = postSolution
		SolutionGuid = {820FF3CE-1537-48B7-8F06-EA55D990B9DA}
	EndGlobalSection
EndGlobal
